
Microsoft Visual Studio Solution File, Format Version 12.00
# Visual Studio 15
VisualStudioVersion = 15.0.27428.2015
MinimumVisualStudioVersion = 10.0.40219.1
Project("{9A19103F-16F7-4668-BE54-9A1E7A4F7556}") = "Web", "AsrClient\Web.csproj", "{FA49D357-093D-4D7C-B3E0-988264D945BC}"
EndProject
Project("{9A19103F-16F7-4668-BE54-9A1E7A4F7556}") = "Domain", "Domain\Domain.csproj", "{0BC80F52-CC7D-4769-A6C7-09129C96BEB7}"
EndProject
Project("{9A19103F-16F7-4668-BE54-9A1E7A4F7556}") = "DomainTest", "DomainTest\DomainTest.csproj", "{C146A1CA-C126-43DE-BBF4-69663940A7FC}"
EndProject
Project("{9A19103F-16F7-4668-BE54-9A1E7A4F7556}") = "Infrastructure", "Infrastructure\Infrastructure.csproj", "{B412206D-3277-400B-9412-02D6CDDF51F5}"
EndProject
Global
	GlobalSection(SolutionConfigurationPlatforms) = preSolution
		Debug|Any CPU = Debug|Any CPU
		Release|Any CPU = Release|Any CPU
	EndGlobalSection
	GlobalSection(ProjectConfigurationPlatforms) = postSolution
		{FA49D357-093D-4D7C-B3E0-988264D945BC}.Debug|Any CPU.ActiveCfg = Debug|Any CPU
		{FA49D357-093D-4D7C-B3E0-988264D945BC}.Debug|Any CPU.Build.0 = Debug|Any CPU
		{FA49D357-093D-4D7C-B3E0-988264D945BC}.Release|Any CPU.ActiveCfg = Release|Any CPU
		{FA49D357-093D-4D7C-B3E0-988264D945BC}.Release|Any CPU.Build.0 = Release|Any CPU
		{0BC80F52-CC7D-4769-A6C7-09129C96BEB7}.Debug|Any CPU.ActiveCfg = Debug|Any CPU
		{0BC80F52-CC7D-4769-A6C7-09129C96BEB7}.Debug|Any CPU.Build.0 = Debug|Any CPU
		{0BC80F52-CC7D-4769-A6C7-09129C96BEB7}.Release|Any CPU.ActiveCfg = Release|Any CPU
		{0BC80F52-CC7D-4769-A6C7-09129C96BEB7}.Release|Any CPU.Build.0 = Release|Any CPU
		{C146A1CA-C126-43DE-BBF4-69663940A7FC}.Debug|Any CPU.ActiveCfg = Debug|Any CPU
		{C146A1CA-C126-43DE-BBF4-69663940A7FC}.Debug|Any CPU.Build.0 = Debug|Any CPU
		{C146A1CA-C126-43DE-BBF4-69663940A7FC}.Release|Any CPU.ActiveCfg = Release|Any CPU
		{C146A1CA-C126-43DE-BBF4-69663940A7FC}.Release|Any CPU.Build.0 = Release|Any CPU
		{B412206D-3277-400B-9412-02D6CDDF51F5}.Debug|Any CPU.ActiveCfg = Debug|Any CPU
		{B412206D-3277-400B-9412-02D6CDDF51F5}.Debug|Any CPU.Build.0 = Debug|Any CPU
		{B412206D-3277-400B-9412-02D6CDDF51F5}.Release|Any CPU.ActiveCfg = Release|Any CPU
		{B412206D-3277-400B-9412-02D6CDDF51F5}.Release|Any CPU.Build.0 = Release|Any CPU
	EndGlobalSection
	GlobalSection(SolutionProperties) = preSolution
		HideSolutionNode = FALSE
	EndGlobalSection
	GlobalSection(ExtensibilityGlobals) = postSolution
		SolutionGuid = {39C2FCEE-D6ED-4507-8150-B9B3370FA819}
	EndGlobalSection
EndGlobal
